
Microsoft Visual Studio Solution File, Format Version 12.00
# Visual Studio Version 16
VisualStudioVersion = 16.0.31605.320
MinimumVisualStudioVersion = 10.0.40219.1
Project("{FAE04EC0-301F-11D3-BF4B-00C04F79EFBC}") = "Net5RealSenseDemo", "Net5RealSenseDemo\Net5RealSenseDemo.csproj", "{4238A4C2-56AE-4487-B233-B08411595E72}"
EndProject
Global
	GlobalSection(SolutionConfigurationPlatforms) = preSolution
		Debug|Any CPU = Debug|Any CPU
		Debug|x64 = Debug|x64
		Release|Any CPU = Release|Any CPU
		Release|x64 = Release|x64
	EndGlobalSection
	GlobalSection(ProjectConfigurationPlatforms) = postSolution
		{4238A4C2-56AE-4487-B233-B08411595E72}.Debug|Any CPU.ActiveCfg = Debug|x64
		{4238A4C2-56AE-4487-B233-B08411595E72}.Debug|Any CPU.Build.0 = Debug|x64
		{4238A4C2-56AE-4487-B233-B08411595E72}.Debug|x64.ActiveCfg = Debug|x64
		{4238A4C2-56AE-4487-B233-B08411595E72}.Debug|x64.Build.0 = Debug|x64
		{4238A4C2-56AE-4487-B233-B08411595E72}.Release|Any CPU.ActiveCfg = Release|x64
		{4238A4C2-56AE-4487-B233-B08411595E72}.Release|x64.ActiveCfg = Release|x64
		{4238A4C2-56AE-4487-B233-B08411595E72}.Release|x64.Build.0 = Release|x64
	EndGlobalSection
	GlobalSection(SolutionProperties) = preSolution
		HideSolutionNode = FALSE
	EndGlobalSection
	GlobalSection(ExtensibilityGlobals) = postSolution
		SolutionGuid = {C49E8B08-CD60-4276-BE30-98CC0C0AE135}
	EndGlobalSection
EndGlobal
